dependencies:
  espressif/eppp_link:
    component_hash: 04f7f31868b8ae6014c96132740a192d09611a6e46aaa7038c865ffc7e26b38f
    dependencies:
    - name: espressif/esp_serial_slave_link
      registry_url: https://components.espressif.com
      require: private
      version: ^1.1.0
    - name: idf
      require: private
      version: '>=5.2'
    source:
      registry_url: https://components.espressif.com
      type: service
    version: 1.1.5
  espressif/esp_hosted:
    component_hash: d1f01fbe9b7ee867e1c330754fe46cb550375e27edf2159e9b670f29bd36b682
    dependencies:
    - name: idf
      require: private
      version: '>=5.3'
    source:
      registry_url: https://components.espressif.com
      type: service
    version: 2.12.6
  espressif/esp_serial_slave_link:
    component_hash: ac1776806de0a6e371c84e87898bb983e19ce62aa7f1e2e5c4a3b0234a575d2c
    dependencies:
    - name: idf
      require: private
      version: '>=5.0'
    source:
      registry_url: https://components.espressif.com
      type: service
    version: 1.1.2
  espressif/esp_wifi_remote:
    component_hash: c72537a89dfb9a894d0e5b1560bf688d8d84b233802e4f90df668a8091fdd1b2
    dependencies:
    - name: espressif/eppp_link
      registry_url: https://components.espressif.com
      require: private
      version: '>=0.1'
    - name: espressif/esp_hosted
      registry_url: https://components.espressif.com
      require: private
      rules:
      - if: target in [esp32h2, esp32p4]
      version: '>=0.0.6'
    - name: idf
      require: private
      version: '>=5.3'
    source:
      registry_url: https://components.espressif.com/
      type: service
    version: 0.5.5
  idf:
    source:
      type: idf
    version: 5.5.3
  nimble_peripheral_utils:
    dependencies: []
    source:
      path: D:\Espressif\frameworks\esp-idf-v5.5.3\examples\bluetooth\nimble\common\nimble_peripheral_utils
      type: local
    version: '*'
direct_dependencies:
- espressif/esp_wifi_remote
- nimble_peripheral_utils
manifest_hash: 3e5dfbb402937d0e9fee2e2040be01448a1fc05218ac54429b65c6ce457ea28d
target: esp32p4
version: 2.0.0
